
Microsoft Visual Studio Solution File, Format Version 12.00
# Visual Studio Version 16
VisualStudioVersion = 16.0.31410.357
MinimumVisualStudioVersion = 10.0.40219.1
Project("{FAE04EC0-301F-11D3-BF4B-00C04F79EFBC}") = "JdrApp.Android", "JdrApp\JdrApp.Android\JdrApp.Android.csproj", "{5265321E-7882-4E83-8483-AD6DD95332A5}"
EndProject
Project("{FAE04EC0-301F-11D3-BF4B-00C04F79EFBC}") = "JdrApp.iOS", "JdrApp\JdrApp.iOS\JdrApp.iOS.csproj", "{0F5ECBCB-A54E-44E5-A149-C087AE8C3ED7}"
EndProject
Project("{FAE04EC0-301F-11D3-BF4B-00C04F79EFBC}") = "JdrApp", "JdrApp\JdrApp\JdrApp.csproj", "{11A6855E-3768-4FE2-AFDC-4C09FE0B915F}"
EndProject
Global
	GlobalSection(SolutionConfigurationPlatforms) = preSolution
		Debug|Any CPU = Debug|Any CPU
		Debug|iPhone = Debug|iPhone
		Debug|iPhoneSimulator = Debug|iPhoneSimulator
		Release|Any CPU = Release|Any CPU
		Release|iPhone = Release|iPhone
		Release|iPhoneSimulator = Release|iPhoneSimulator
	EndGlobalSection
	GlobalSection(ProjectConfigurationPlatforms) = postSolution
		{5265321E-7882-4E83-8483-AD6DD95332A5}.Debug|Any CPU.ActiveCfg = Debug|Any CPU
		{5265321E-7882-4E83-8483-AD6DD95332A5}.Debug|Any CPU.Build.0 = Debug|Any CPU
		{5265321E-7882-4E83-8483-AD6DD95332A5}.Debug|Any CPU.Deploy.0 = Debug|Any CPU
		{5265321E-7882-4E83-8483-AD6DD95332A5}.Debug|iPhone.ActiveCfg = Debug|Any CPU
		{5265321E-7882-4E83-8483-AD6DD95332A5}.Debug|iPhone.Build.0 = Debug|Any CPU
		{5265321E-7882-4E83-8483-AD6DD95332A5}.Debug|iPhone.Deploy.0 = Debug|Any CPU
		{5265321E-7882-4E83-8483-AD6DD95332A5}.Debug|iPhoneSimulator.ActiveCfg = Debug|Any CPU
		{5265321E-7882-4E83-8483-AD6DD95332A5}.Debug|iPhoneSimulator.Build.0 = Debug|Any CPU
		{5265321E-7882-4E83-8483-AD6DD95332A5}.Debug|iPhoneSimulator.Deploy.0 = Debug|Any CPU
		{5265321E-7882-4E83-8483-AD6DD95332A5}.Release|Any CPU.ActiveCfg = Release|Any CPU
		{5265321E-7882-4E83-8483-AD6DD95332A5}.Release|Any CPU.Build.0 = Release|Any CPU
		{5265321E-7882-4E83-8483-AD6DD95332A5}.Release|Any CPU.Deploy.0 = Release|Any CPU
		{5265321E-7882-4E83-8483-AD6DD95332A5}.Release|iPhone.ActiveCfg = Release|Any CPU
		{5265321E-7882-4E83-8483-AD6DD95332A5}.Release|iPhone.Build.0 = Release|Any CPU
		{5265321E-7882-4E83-8483-AD6DD95332A5}.Release|iPhone.Deploy.0 = Release|Any CPU
		{5265321E-7882-4E83-8483-AD6DD95332A5}.Release|iPhoneSimulator.ActiveCfg = Release|Any CPU
		{5265321E-7882-4E83-8483-AD6DD95332A5}.Release|iPhoneSimulator.Build.0 = Release|Any CPU
		{5265321E-7882-4E83-8483-AD6DD95332A5}.Release|iPhoneSimulator.Deploy.0 = Release|Any CPU
		{0F5ECBCB-A54E-44E5-A149-C087AE8C3ED7}.Debug|Any CPU.ActiveCfg = Debug|iPhone
		{0F5ECBCB-A54E-44E5-A149-C087AE8C3ED7}.Debug|Any CPU.Build.0 = Debug|iPhone
		{0F5ECBCB-A54E-44E5-A149-C087AE8C3ED7}.Debug|Any CPU.Deploy.0 = Debug|iPhone
		{0F5ECBCB-A54E-44E5-A149-C087AE8C3ED7}.Debug|iPhone.ActiveCfg = Debug|iPhone
		{0F5ECBCB-A54E-44E5-A149-C087AE8C3ED7}.Debug|iPhone.Build.0 = Debug|iPhone
		{0F5ECBCB-A54E-44E5-A149-C087AE8C3ED7}.Debug|iPhone.Deploy.0 = Debug|iPhone
		{0F5ECBCB-A54E-44E5-A149-C087AE8C3ED7}.Debug|iPhoneSimulator.ActiveCfg = Debug|iPhoneSimulator
		{0F5ECBCB-A54E-44E5-A149-C087AE8C3ED7}.Debug|iPhoneSimulator.Build.0 = Debug|iPhoneSimulator
		{0F5ECBCB-A54E-44E5-A149-C087AE8C3ED7}.Debug|iPhoneSimulator.Deploy.0 = Debug|iPhoneSimulator
		{0F5ECBCB-A54E-44E5-A149-C087AE8C3ED7}.Release|Any CPU.ActiveCfg = Release|iPhoneSimulator
		{0F5ECBCB-A54E-44E5-A149-C087AE8C3ED7}.Release|Any CPU.Build.0 = Release|iPhoneSimulator
		{0F5ECBCB-A54E-44E5-A149-C087AE8C3ED7}.Release|Any CPU.Deploy.0 = Release|iPhoneSimulator
		{0F5ECBCB-A54E-44E5-A149-C087AE8C3ED7}.Release|iPhone.ActiveCfg = Release|iPhone
		{0F5ECBCB-A54E-44E5-A149-C087AE8C3ED7}.Release|iPhone.Build.0 = Release|iPhone
		{0F5ECBCB-A54E-44E5-A149-C087AE8C3ED7}.Release|iPhone.Deploy.0 = Release|iPhone
		{0F5ECBCB-A54E-44E5-A149-C087AE8C3ED7}.Release|iPhoneSimulator.ActiveCfg = Release|iPhoneSimulator
		{0F5ECBCB-A54E-44E5-A149-C087AE8C3ED7}.Release|iPhoneSimulator.Build.0 = Release|iPhoneSimulator
		{0F5ECBCB-A54E-44E5-A149-C087AE8C3ED7}.Release|iPhoneSimulator.Deploy.0 = Release|iPhoneSimulator
		{11A6855E-3768-4FE2-AFDC-4C09FE0B915F}.Debug|Any CPU.ActiveCfg = Debug|Any CPU
		{11A6855E-3768-4FE2-AFDC-4C09FE0B915F}.Debug|Any CPU.Build.0 = Debug|Any CPU
		{11A6855E-3768-4FE2-AFDC-4C09FE0B915F}.Debug|Any CPU.Deploy.0 = Debug|Any CPU
		{11A6855E-3768-4FE2-AFDC-4C09FE0B915F}.Debug|iPhone.ActiveCfg = Debug|Any CPU
		{11A6855E-3768-4FE2-AFDC-4C09FE0B915F}.Debug|iPhone.Build.0 = Debug|Any CPU
		{11A6855E-3768-4FE2-AFDC-4C09FE0B915F}.Debug|iPhone.Deploy.0 = Debug|Any CPU
		{11A6855E-3768-4FE2-AFDC-4C09FE0B915F}.Debug|iPhoneSimulator.ActiveCfg = Debug|Any CPU
		{11A6855E-3768-4FE2-AFDC-4C09FE0B915F}.Debug|iPhoneSimulator.Build.0 = Debug|Any CPU
		{11A6855E-3768-4FE2-AFDC-4C09FE0B915F}.Debug|iPhoneSimulator.Deploy.0 = Debug|Any CPU
		{11A6855E-3768-4FE2-AFDC-4C09FE0B915F}.Release|Any CPU.ActiveCfg = Release|Any CPU
		{11A6855E-3768-4FE2-AFDC-4C09FE0B915F}.Release|Any CPU.Build.0 = Release|Any CPU
		{11A6855E-3768-4FE2-AFDC-4C09FE0B915F}.Release|Any CPU.Deploy.0 = Release|Any CPU
		{11A6855E-3768-4FE2-AFDC-4C09FE0B915F}.Release|iPhone.ActiveCfg = Release|Any CPU
		{11A6855E-3768-4FE2-AFDC-4C09FE0B915F}.Release|iPhone.Build.0 = Release|Any CPU
		{11A6855E-3768-4FE2-AFDC-4C09FE0B915F}.Release|iPhone.Deploy.0 = Release|Any CPU
		{11A6855E-3768-4FE2-AFDC-4C09FE0B915F}.Release|iPhoneSimulator.ActiveCfg = Release|Any CPU
		{11A6855E-3768-4FE2-AFDC-4C09FE0B915F}.Release|iPhoneSimulator.Build.0 = Release|Any CPU
		{11A6855E-3768-4FE2-AFDC-4C09FE0B915F}.Release|iPhoneSimulator.Deploy.0 = Release|Any CPU
	EndGlobalSection
	GlobalSection(SolutionProperties) = preSolution
		HideSolutionNode = FALSE
	EndGlobalSection
	GlobalSection(ExtensibilityGlobals) = postSolution
		SolutionGuid = {01D8DF43-BD2B-4D72-BD29-12547880DD57}
	EndGlobalSection
EndGlobal
